
Microsoft Visual Studio Solution File, Format Version 12.00
# Visual Studio Version 16
VisualStudioVersion = 16.0.31005.135
MinimumVisualStudioVersion = 10.0.40219.1
Project("{FAE04EC0-301F-11D3-BF4B-00C04F79EFBC}") = "PracticaU1", "PracticaU1.csproj", "{194C997F-59EB-451C-B039-3780CBF942E3}"
EndProject
Global
	GlobalSection(SolutionConfigurationPlatforms) = preSolution
		Debug|Any CPU = Debug|Any CPU
		Release|Any CPU = Release|Any CPU
	EndGlobalSection
	GlobalSection(ProjectConfigurationPlatforms) = postSolution
		{194C997F-59EB-451C-B039-3780CBF942E3}.Debug|Any CPU.ActiveCfg = Debug|Any CPU
		{194C997F-59EB-451C-B039-3780CBF942E3}.Debug|Any CPU.Build.0 = Debug|Any CPU
		{194C997F-59EB-451C-B039-3780CBF942E3}.Release|Any CPU.ActiveCfg = Release|Any CPU
		{194C997F-59EB-451C-B039-3780CBF942E3}.Release|Any CPU.Build.0 = Release|Any CPU
	EndGlobalSection
	GlobalSection(SolutionProperties) = preSolution
		HideSolutionNode = FALSE
	EndGlobalSection
	GlobalSection(ExtensibilityGlobals) = postSolution
		SolutionGuid = {AD5EF3CF-BB88-4BB1-A1AD-E06D5FF4163E}
	EndGlobalSection
EndGlobal
